
Microsoft Visual Studio Solution File, Format Version 12.00
# Visual Studio Version 17
VisualStudioVersion = 17.7.34024.191
MinimumVisualStudioVersion = 10.0.40219.1
Project("{8BC9CEB8-8B4A-11D0-8D11-00A0C91BC942}") = "ex1", "ex1\ex1.vcxproj", "{2FAE7A01-5DCF-4B4C-92A5-51B4E712C072}"
EndProject
Project("{8BC9CEB8-8B4A-11D0-8D11-00A0C91BC942}") = "ex2", "ex2\ex2.vcxproj", "{774990EA-1052-45F1-B0E3-F522060563D1}"
EndProject
Project("{8BC9CEB8-8B4A-11D0-8D11-00A0C91BC942}") = "ex3", "ex3\ex3.vcxproj", "{EE47F287-CD05-4E69-A95F-DC8D5D36D1BD}"
EndProject
Project("{8BC9CEB8-8B4A-11D0-8D11-00A0C91BC942}") = "ex4", "ex4\ex4.vcxproj", "{C48CFDB5-3551-4F4F-B93C-15AEF3AAE2BF}"
EndProject
Project("{8BC9CEB8-8B4A-11D0-8D11-00A0C91BC942}") = "ex5", "ex5\ex5.vcxproj", "{F9AA0E70-B1EA-4B35-94F1-E9BF36040905}"
EndProject
Project("{8BC9CEB8-8B4A-11D0-8D11-00A0C91BC942}") = "ex6", "ex6\ex6.vcxproj", "{5BDACE4C-13F3-4D25-8AC1-5B1809CD09C5}"
EndProject
Project("{8BC9CEB8-8B4A-11D0-8D11-00A0C91BC942}") = "ex7", "ex7\ex7.vcxproj", "{F221B8B6-D2E9-48F3-9139-6A6D2C15A3BB}"
EndProject
Project("{8BC9CEB8-8B4A-11D0-8D11-00A0C91BC942}") = "ex8", "ex8\ex8.vcxproj", "{6A4AB23E-3DFA-475A-9133-69AE31AD78B6}"
EndProject
Project("{8BC9CEB8-8B4A-11D0-8D11-00A0C91BC942}") = "ex9", "ex9\ex9.vcxproj", "{3E59EC1C-429B-4274-B138-779F41F56F76}"
EndProject
Project("{8BC9CEB8-8B4A-11D0-8D11-00A0C91BC942}") = "ex10", "ex10\ex10.vcxproj", "{6D15200E-FD1C-428B-B4AE-DEBFE2E65A29}"
EndProject
Project("{8BC9CEB8-8B4A-11D0-8D11-00A0C91BC942}") = "ex11", "ex11\ex11.vcxproj", "{79DE6E63-89E3-4A2B-BCB7-512098852F7F}"
EndProject
Project("{8BC9CEB8-8B4A-11D0-8D11-00A0C91BC942}") = "ex12", "ex12\ex12.vcxproj", "{D775C8D4-CDBD-48F4-A972-84F50E8A4F2E}"
EndProject
Global
	GlobalSection(SolutionConfigurationPlatforms) = preSolution
		Debug|x64 = Debug|x64
		Debug|x86 = Debug|x86
		Release|x64 = Release|x64
		Release|x86 = Release|x86
	EndGlobalSection
	GlobalSection(ProjectConfigurationPlatforms) = postSolution
		{2FAE7A01-5DCF-4B4C-92A5-51B4E712C072}.Debug|x64.ActiveCfg = Debug|x64
		{2FAE7A01-5DCF-4B4C-92A5-51B4E712C072}.Debug|x64.Build.0 = Debug|x64
		{2FAE7A01-5DCF-4B4C-92A5-51B4E712C072}.Debug|x86.ActiveCfg = Debug|Win32
		{2FAE7A01-5DCF-4B4C-92A5-51B4E712C072}.Debug|x86.Build.0 = Debug|Win32
		{2FAE7A01-5DCF-4B4C-92A5-51B4E712C072}.Release|x64.ActiveCfg = Release|x64
		{2FAE7A01-5DCF-4B4C-92A5-51B4E712C072}.Release|x64.Build.0 = Release|x64
		{2FAE7A01-5DCF-4B4C-92A5-51B4E712C072}.Release|x86.ActiveCfg = Release|Win32
		{2FAE7A01-5DCF-4B4C-92A5-51B4E712C072}.Release|x86.Build.0 = Release|Win32
		{774990EA-1052-45F1-B0E3-F522060563D1}.Debug|x64.ActiveCfg = Debug|x64
		{774990EA-1052-45F1-B0E3-F522060563D1}.Debug|x64.Build.0 = Debug|x64
		{774990EA-1052-45F1-B0E3-F522060563D1}.Debug|x86.ActiveCfg = Debug|Win32
		{774990EA-1052-45F1-B0E3-F522060563D1}.Debug|x86.Build.0 = Debug|Win32
		{774990EA-1052-45F1-B0E3-F522060563D1}.Release|x64.ActiveCfg = Release|x64
		{774990EA-1052-45F1-B0E3-F522060563D1}.Release|x64.Build.0 = Release|x64
		{774990EA-1052-45F1-B0E3-F522060563D1}.Release|x86.ActiveCfg = Release|Win32
		{774990EA-1052-45F1-B0E3-F522060563D1}.Release|x86.Build.0 = Release|Win32
		{EE47F287-CD05-4E69-A95F-DC8D5D36D1BD}.Debug|x64.ActiveCfg = Debug|x64
		{EE47F287-CD05-4E69-A95F-DC8D5D36D1BD}.Debug|x64.Build.0 = Debug|x64
		{EE47F287-CD05-4E69-A95F-DC8D5D36D1BD}.Debug|x86.ActiveCfg = Debug|Win32
		{EE47F287-CD05-4E69-A95F-DC8D5D36D1BD}.Debug|x86.Build.0 = Debug|Win32
		{EE47F287-CD05-4E69-A95F-DC8D5D36D1BD}.Release|x64.ActiveCfg = Release|x64
		{EE47F287-CD05-4E69-A95F-DC8D5D36D1BD}.Release|x64.Build.0 = Release|x64
		{EE47F287-CD05-4E69-A95F-DC8D5D36D1BD}.Release|x86.ActiveCfg = Release|Win32
		{EE47F287-CD05-4E69-A95F-DC8D5D36D1BD}.Release|x86.Build.0 = Release|Win32
		{C48CFDB5-3551-4F4F-B93C-15AEF3AAE2BF}.Debug|x64.ActiveCfg = Debug|x64
		{C48CFDB5-3551-4F4F-B93C-15AEF3AAE2BF}.Debug|x64.Build.0 = Debug|x64
		{C48CFDB5-3551-4F4F-B93C-15AEF3AAE2BF}.Debug|x86.ActiveCfg = Debug|Win32
		{C48CFDB5-3551-4F4F-B93C-15AEF3AAE2BF}.Debug|x86.Build.0 = Debug|Win32
		{C48CFDB5-3551-4F4F-B93C-15AEF3AAE2BF}.Release|x64.ActiveCfg = Release|x64
		{C48CFDB5-3551-4F4F-B93C-15AEF3AAE2BF}.Release|x64.Build.0 = Release|x64
		{C48CFDB5-3551-4F4F-B93C-15AEF3AAE2BF}.Release|x86.ActiveCfg = Release|Win32
		{C48CFDB5-3551-4F4F-B93C-15AEF3AAE2BF}.Release|x86.Build.0 = Release|Win32
		{F9AA0E70-B1EA-4B35-94F1-E9BF36040905}.Debug|x64.ActiveCfg = Debug|x64
		{F9AA0E70-B1EA-4B35-94F1-E9BF36040905}.Debug|x64.Build.0 = Debug|x64
		{F9AA0E70-B1EA-4B35-94F1-E9BF36040905}.Debug|x86.ActiveCfg = Debug|Win32
		{F9AA0E70-B1EA-4B35-94F1-E9BF36040905}.Debug|x86.Build.0 = Debug|Win32
		{F9AA0E70-B1EA-4B35-94F1-E9BF36040905}.Release|x64.ActiveCfg = Release|x64
		{F9AA0E70-B1EA-4B35-94F1-E9BF36040905}.Release|x64.Build.0 = Release|x64
		{F9AA0E70-B1EA-4B35-94F1-E9BF36040905}.Release|x86.ActiveCfg = Release|Win32
		{F9AA0E70-B1EA-4B35-94F1-E9BF36040905}.Release|x86.Build.0 = Release|Win32
		{5BDACE4C-13F3-4D25-8AC1-5B1809CD09C5}.Debug|x64.ActiveCfg = Debug|x64
		{5BDACE4C-13F3-4D25-8AC1-5B1809CD09C5}.Debug|x64.Build.0 = Debug|x64
		{5BDACE4C-13F3-4D25-8AC1-5B1809CD09C5}.Debug|x86.ActiveCfg = Debug|Win32
		{5BDACE4C-13F3-4D25-8AC1-5B1809CD09C5}.Debug|x86.Build.0 = Debug|Win32
		{5BDACE4C-13F3-4D25-8AC1-5B1809CD09C5}.Release|x64.ActiveCfg = Release|x64
		{5BDACE4C-13F3-4D25-8AC1-5B1809CD09C5}.Release|x64.Build.0 = Release|x64
		{5BDACE4C-13F3-4D25-8AC1-5B1809CD09C5}.Release|x86.ActiveCfg = Release|Win32
		{5BDACE4C-13F3-4D25-8AC1-5B1809CD09C5}.Release|x86.Build.0 = Release|Win32
		{F221B8B6-D2E9-48F3-9139-6A6D2C15A3BB}.Debug|x64.ActiveCfg = Debug|x64
		{F221B8B6-D2E9-48F3-9139-6A6D2C15A3BB}.Debug|x64.Build.0 = Debug|x64
		{F221B8B6-D2E9-48F3-9139-6A6D2C15A3BB}.Debug|x86.ActiveCfg = Debug|Win32
		{F221B8B6-D2E9-48F3-9139-6A6D2C15A3BB}.Debug|x86.Build.0 = Debug|Win32
		{F221B8B6-D2E9-48F3-9139-6A6D2C15A3BB}.Release|x64.ActiveCfg = Release|x64
		{F221B8B6-D2E9-48F3-9139-6A6D2C15A3BB}.Release|x64.Build.0 = Release|x64
		{F221B8B6-D2E9-48F3-9139-6A6D2C15A3BB}.Release|x86.ActiveCfg = Release|Win32
		{F221B8B6-D2E9-48F3-9139-6A6D2C15A3BB}.Release|x86.Build.0 = Release|Win32
		{6A4AB23E-3DFA-475A-9133-69AE31AD78B6}.Debug|x64.ActiveCfg = Debug|x64
		{6A4AB23E-3DFA-475A-9133-69AE31AD78B6}.Debug|x64.Build.0 = Debug|x64
		{6A4AB23E-3DFA-475A-9133-69AE31AD78B6}.Debug|x86.ActiveCfg = Debug|Win32
		{6A4AB23E-3DFA-475A-9133-69AE31AD78B6}.Debug|x86.Build.0 = Debug|Win32
		{6A4AB23E-3DFA-475A-9133-69AE31AD78B6}.Release|x64.ActiveCfg = Release|x64
		{6A4AB23E-3DFA-475A-9133-69AE31AD78B6}.Release|x64.Build.0 = Release|x64
		{6A4AB23E-3DFA-475A-9133-69AE31AD78B6}.Release|x86.ActiveCfg = Release|Win32
		{6A4AB23E-3DFA-475A-9133-69AE31AD78B6}.Release|x86.Build.0 = Release|Win32
		{3E59EC1C-429B-4274-B138-779F41F56F76}.Debug|x64.ActiveCfg = Debug|x64
		{3E59EC1C-429B-4274-B138-779F41F56F76}.Debug|x64.Build.0 = Debug|x64
		{3E59EC1C-429B-4274-B138-779F41F56F76}.Debug|x86.ActiveCfg = Debug|Win32
		{3E59EC1C-429B-4274-B138-779F41F56F76}.Debug|x86.Build.0 = Debug|Win32
		{3E59EC1C-429B-4274-B138-779F41F56F76}.Release|x64.ActiveCfg = Release|x64
		{3E59EC1C-429B-4274-B138-779F41F56F76}.Release|x64.Build.0 = Release|x64
		{3E59EC1C-429B-4274-B138-779F41F56F76}.Release|x86.ActiveCfg = Release|Win32
		{3E59EC1C-429B-4274-B138-779F41F56F76}.Release|x86.Build.0 = Release|Win32
		{6D15200E-FD1C-428B-B4AE-DEBFE2E65A29}.Debug|x64.ActiveCfg = Debug|x64
		{6D15200E-FD1C-428B-B4AE-DEBFE2E65A29}.Debug|x64.Build.0 = Debug|x64
		{6D15200E-FD1C-428B-B4AE-DEBFE2E65A29}.Debug|x86.ActiveCfg = Debug|Win32
		{6D15200E-FD1C-428B-B4AE-DEBFE2E65A29}.Debug|x86.Build.0 = Debug|Win32
		{6D15200E-FD1C-428B-B4AE-DEBFE2E65A29}.Release|x64.ActiveCfg = Release|x64
		{6D15200E-FD1C-428B-B4AE-DEBFE2E65A29}.Release|x64.Build.0 = Release|x64
		{6D15200E-FD1C-428B-B4AE-DEBFE2E65A29}.Release|x86.ActiveCfg = Release|Win32
		{6D15200E-FD1C-428B-B4AE-DEBFE2E65A29}.Release|x86.Build.0 = Release|Win32
		{79DE6E63-89E3-4A2B-BCB7-512098852F7F}.Debug|x64.ActiveCfg = Debug|x64
		{79DE6E63-89E3-4A2B-BCB7-512098852F7F}.Debug|x64.Build.0 = Debug|x64
		{79DE6E63-89E3-4A2B-BCB7-512098852F7F}.Debug|x86.ActiveCfg = Debug|Win32
		{79DE6E63-89E3-4A2B-BCB7-512098852F7F}.Debug|x86.Build.0 = Debug|Win32
		{79DE6E63-89E3-4A2B-BCB7-512098852F7F}.Release|x64.ActiveCfg = Release|x64
		{79DE6E63-89E3-4A2B-BCB7-512098852F7F}.Release|x64.Build.0 = Release|x64
		{79DE6E63-89E3-4A2B-BCB7-512098852F7F}.Release|x86.ActiveCfg = Release|Win32
		{79DE6E63-89E3-4A2B-BCB7-512098852F7F}.Release|x86.Build.0 = Release|Win32
		{D775C8D4-CDBD-48F4-A972-84F50E8A4F2E}.Debug|x64.ActiveCfg = Debug|x64
		{D775C8D4-CDBD-48F4-A972-84F50E8A4F2E}.Debug|x64.Build.0 = Debug|x64
		{D775C8D4-CDBD-48F4-A972-84F50E8A4F2E}.Debug|x86.ActiveCfg = Debug|Win32
		{D775C8D4-CDBD-48F4-A972-84F50E8A4F2E}.Debug|x86.Build.0 = Debug|Win32
		{D775C8D4-CDBD-48F4-A972-84F50E8A4F2E}.Release|x64.ActiveCfg = Release|x64
		{D775C8D4-CDBD-48F4-A972-84F50E8A4F2E}.Release|x64.Build.0 = Release|x64
		{D775C8D4-CDBD-48F4-A972-84F50E8A4F2E}.Release|x86.ActiveCfg = Release|Win32
		{D775C8D4-CDBD-48F4-A972-84F50E8A4F2E}.Release|x86.Build.0 = Release|Win32
	EndGlobalSection
	GlobalSection(SolutionProperties) = preSolution
		HideSolutionNode = FALSE
	EndGlobalSection
	GlobalSection(ExtensibilityGlobals) = postSolution
		SolutionGuid = {F294BF18-499C-4CAD-8956-E5F295061CBB}
	EndGlobalSection
EndGlobal
